# This file is autogenerated, do not edit; changes may be undone by the next 'dep ensure'.


[[projects]]
  name = "github.com/go-redis/redis"
  packages = [".","internal","internal/consistenthash","internal/hashtag","internal/pool","internal/proto"]
  revision = "d0f86971b5d61de9cebd2616b932acb7ba14d957"
  version = "v6.7.3"

[[projects]]
  name = "github.com/onsi/ginkgo"
  packages = [".","config","internal/codelocation","internal/containernode","internal/failer","internal/leafnodes","internal/remote","internal/spec","internal/spec_iterator","internal/specrunner","internal/suite","internal/testingtproxy","internal/writer","reporters","reporters/stenographer","reporters/stenographer/support/go-colorable","reporters/stenographer/support/go-isatty","types"]
  revision = "9eda700730cba42af70d53180f9dcce9266bc2bc"
  version = "v1.4.0"

[[projects]]
  name = "github.com/onsi/gomega"
  packages = [".","format","internal/assertion","internal/asyncassertion","internal/oraclematcher","internal/testingtsupport","matchers","matchers/support/goraph/bipartitegraph","matchers/support/goraph/edge","matchers/support/goraph/node","matchers/support/goraph/util","types"]
  revision = "c893efa28eb45626cdaa76c9f653b62488858837"
  version = "v1.2.0"

[[projects]]
  branch = "master"
  name = "golang.org/x/net"
  packages = ["html","html/atom","html/charset"]
  revision = "a337091b0525af65de94df2eb7e98bd9962dcbe2"

[[projects]]
  branch = "master"
  name = "golang.org/x/sys"
  packages = ["unix"]
  revision = "1e2299c37cc91a509f1b12369872d27be0ce98a6"

[[projects]]
  branch = "master"
  name = "golang.org/x/text"
  packages = ["encoding","encoding/charmap","encoding/htmlindex","encoding/internal","encoding/internal/identifier","encoding/japanese","encoding/korean","encoding/simplifiedchinese","encoding/traditionalchinese","encoding/unicode","internal/gen","internal/tag","internal/utf8internal","language","runes","transform","unicode/cldr"]
  revision = "88f656faf3f37f690df1a32515b479415e1a6769"

[[projects]]
  branch = "v2"
  name = "gopkg.in/yaml.v2"
  packages = ["."]
  revision = "eb3733d160e74a9c7e442f435eb3bea458e1d19f"

[solve-meta]
  analyzer-name = "dep"
  analyzer-version = 1
  inputs-digest = "83e2251ec0117e3053490240335498fd02700e035a49ae1f71010f84a887db60"
  solver-name = "gps-cdcl"
  solver-version = 1
